
Microsoft Visual Studio Solution File, Format Version 12.00
# Visual Studio Version 17
VisualStudioVersion = 17.12.35527.113
MinimumVisualStudioVersion = 10.0.40219.1
Project("{FAE04EC0-301F-11D3-BF4B-00C04F79EFBC}") = "TheatricalPlayersRefactoringKata.Tests", "TheatricalPlayersRefactoringKata.Tests\TheatricalPlayersRefactoringKata.Tests.csproj", "{2AFBF20D-3D97-46EC-B506-8B7C82598951}"
EndProject
Project("{FAE04EC0-301F-11D3-BF4B-00C04F79EFBC}") = "TheatricalPlayersRefactoringKata.Domain", "TheatricalPlayersRefactoringKata.Domain\TheatricalPlayersRefactoringKata.Domain.csproj", "{34027360-F4F7-4737-9E78-93A3DE92FBBD}"
EndProject
Project("{FAE04EC0-301F-11D3-BF4B-00C04F79EFBC}") = "TheatricalPlayersRefactoringKata.Infrastructure", "TheatricalPlayersRefactoringKata.Infrastructure\TheatricalPlayersRefactoringKata.Infrastructure.csproj", "{DE3A102D-1495-4B0B-BD26-3850A2D2C6DD}"
EndProject
Project("{FAE04EC0-301F-11D3-BF4B-00C04F79EFBC}") = "TheatricalPlayersRefactoringKata", "TheatricalPlayersRefactoringKata\TheatricalPlayersRefactoringKata.csproj", "{D6B26C6D-8368-4AC7-8A10-59115C7FBAE9}"
EndProject
Global
	GlobalSection(SolutionConfigurationPlatforms) = preSolution
		Debug|Any CPU = Debug|Any CPU
		Release|Any CPU = Release|Any CPU
	EndGlobalSection
	GlobalSection(ProjectConfigurationPlatforms) = postSolution
		{2AFBF20D-3D97-46EC-B506-8B7C82598951}.Debug|Any CPU.ActiveCfg = Debug|Any CPU
		{2AFBF20D-3D97-46EC-B506-8B7C82598951}.Debug|Any CPU.Build.0 = Debug|Any CPU
		{2AFBF20D-3D97-46EC-B506-8B7C82598951}.Release|Any CPU.ActiveCfg = Release|Any CPU
		{2AFBF20D-3D97-46EC-B506-8B7C82598951}.Release|Any CPU.Build.0 = Release|Any CPU
		{34027360-F4F7-4737-9E78-93A3DE92FBBD}.Debug|Any CPU.ActiveCfg = Debug|Any CPU
		{34027360-F4F7-4737-9E78-93A3DE92FBBD}.Debug|Any CPU.Build.0 = Debug|Any CPU
		{34027360-F4F7-4737-9E78-93A3DE92FBBD}.Release|Any CPU.ActiveCfg = Release|Any CPU
		{34027360-F4F7-4737-9E78-93A3DE92FBBD}.Release|Any CPU.Build.0 = Release|Any CPU
		{DE3A102D-1495-4B0B-BD26-3850A2D2C6DD}.Debug|Any CPU.ActiveCfg = Debug|Any CPU
		{DE3A102D-1495-4B0B-BD26-3850A2D2C6DD}.Debug|Any CPU.Build.0 = Debug|Any CPU
		{DE3A102D-1495-4B0B-BD26-3850A2D2C6DD}.Release|Any CPU.ActiveCfg = Release|Any CPU
		{DE3A102D-1495-4B0B-BD26-3850A2D2C6DD}.Release|Any CPU.Build.0 = Release|Any CPU
		{D6B26C6D-8368-4AC7-8A10-59115C7FBAE9}.Debug|Any CPU.ActiveCfg = Debug|Any CPU
		{D6B26C6D-8368-4AC7-8A10-59115C7FBAE9}.Debug|Any CPU.Build.0 = Debug|Any CPU
		{D6B26C6D-8368-4AC7-8A10-59115C7FBAE9}.Release|Any CPU.ActiveCfg = Release|Any CPU
		{D6B26C6D-8368-4AC7-8A10-59115C7FBAE9}.Release|Any CPU.Build.0 = Release|Any CPU
	EndGlobalSection
	GlobalSection(SolutionProperties) = preSolution
		HideSolutionNode = FALSE
	EndGlobalSection
EndGlobal
